
Microsoft Visual Studio Solution File, Format Version 12.00
# Visual Studio Version 17
VisualStudioVersion = 17.1.32319.34
MinimumVisualStudioVersion = 10.0.40219.1
Project("{FAE04EC0-301F-11D3-BF4B-00C04F79EFBC}") = "Interview", "Interview\Interview.csproj", "{27C80869-919A-4A43-8F8F-E0D02DD03AD3}"
EndProject
Project("{FAE04EC0-301F-11D3-BF4B-00C04F79EFBC}") = "Interview.Services", "Interview.Services\Interview.Services.csproj", "{A439A6D2-F225-4C27-B25A-5554782EDFD9}"
EndProject
Project("{FAE04EC0-301F-11D3-BF4B-00C04F79EFBC}") = "InterviewModels", "InterviewModels\InterviewModels.csproj", "{F189F429-7704-4DD0-AE34-EF05499A603E}"
EndProject
Global
	GlobalSection(SolutionConfigurationPlatforms) = preSolution
		Debug|Any CPU = Debug|Any CPU
		Release|Any CPU = Release|Any CPU
	EndGlobalSection
	GlobalSection(ProjectConfigurationPlatforms) = postSolution
		{27C80869-919A-4A43-8F8F-E0D02DD03AD3}.Debug|Any CPU.ActiveCfg = Debug|Any CPU
		{27C80869-919A-4A43-8F8F-E0D02DD03AD3}.Debug|Any CPU.Build.0 = Debug|Any CPU
		{27C80869-919A-4A43-8F8F-E0D02DD03AD3}.Release|Any CPU.ActiveCfg = Release|Any CPU
		{27C80869-919A-4A43-8F8F-E0D02DD03AD3}.Release|Any CPU.Build.0 = Release|Any CPU
		{A439A6D2-F225-4C27-B25A-5554782EDFD9}.Debug|Any CPU.ActiveCfg = Debug|Any CPU
		{A439A6D2-F225-4C27-B25A-5554782EDFD9}.Debug|Any CPU.Build.0 = Debug|Any CPU
		{A439A6D2-F225-4C27-B25A-5554782EDFD9}.Release|Any CPU.ActiveCfg = Release|Any CPU
		{A439A6D2-F225-4C27-B25A-5554782EDFD9}.Release|Any CPU.Build.0 = Release|Any CPU
		{F189F429-7704-4DD0-AE34-EF05499A603E}.Debug|Any CPU.ActiveCfg = Debug|Any CPU
		{F189F429-7704-4DD0-AE34-EF05499A603E}.Debug|Any CPU.Build.0 = Debug|Any CPU
		{F189F429-7704-4DD0-AE34-EF05499A603E}.Release|Any CPU.ActiveCfg = Release|Any CPU
		{F189F429-7704-4DD0-AE34-EF05499A603E}.Release|Any CPU.Build.0 = Release|Any CPU
	EndGlobalSection
	GlobalSection(SolutionProperties) = preSolution
		HideSolutionNode = FALSE
	EndGlobalSection
	GlobalSection(ExtensibilityGlobals) = postSolution
		SolutionGuid = {5E6F531A-7274-40F7-8956-DBC614406A17}
	EndGlobalSection
EndGlobal
